{
  "requires": true,
  "lockfileVersion": 1,
  "dependencies": {
    "@babel/runtime": {
      "version": "7.4.5",
      "resolved": "https://registry.npm.taobao.org/@babel/runtime/download/@babel/runtime-7.4.5.tgz",
      "integrity": "sha1-WCu1MfX53GfS/LaCl5iU914lPxI=",
      "requires": {
        "regenerator-runtime": "^0.13.2"
      }
    },
    "@vant/icons": {
      "version": "1.1.9",
      "resolved": "https://registry.npm.taobao.org/@vant/icons/download/@vant/icons-1.1.9.tgz",
      "integrity": "sha1-N+r9r/X8+7WUonoUcP863rL6AwE="
    },
    "@vue/babel-helper-vue-jsx-merge-props": {
      "version": "1.0.0",
      "resolved": "https://registry.npm.taobao.org/@vue/babel-helper-vue-jsx-merge-props/download/@vue/babel-helper-vue-jsx-merge-props-1.0.0.tgz",
      "integrity": "sha1-BI/leZWNpAj7eosqPsBQtQpmEEA="
    },
    "regenerator-runtime": {
      "version": "0.13.2",
      "resolved": "https://registry.npm.taobao.org/regenerator-runtime/download/regenerator-runtime-0.13.2.tgz?cache=0&other_urls=https%3A%2F%2Fregistry.npm.taobao.org%2Fregenerator-runtime%2Fdownload%2Fregenerator-runtime-0.13.2.tgz",
      "integrity": "sha1-MuWcmm+5saSv8JtJMMotRHc0NEc="
    },
    "vant": {
      "version": "2.0.5",
      "resolved": "https://registry.npm.taobao.org/vant/download/vant-2.0.5.tgz",
      "integrity": "sha1-XthF3fXrFvTjPkyd3pWGb2Jc1Xk=",
      "requires": {
        "@babel/runtime": "^7.4.5",
        "@vant/icons": "1.1.9",
        "@vue/babel-helper-vue-jsx-merge-props": "^1.0.0",
        "vue-lazyload": "1.2.3"
      }
    },
    "vue-lazyload": {
      "version": "1.2.3",
      "resolved": "https://registry.npm.taobao.org/vue-lazyload/download/vue-lazyload-1.2.3.tgz",
      "integrity": "sha1-kB+ewVx+bKeHgaK65KNDaGve2yw="
    }
  }
}
